// !$*UTF8*$!
{
	archiveVersion = 1;
	classes = {
	};
	objectVersion = 56;
	objects = {

/* Begin PBXBuildFile section */
		E8F3EDA12B39847300BBB851 /* WeatherIOSApp.swift in Sources */ = {isa = PBXBuildFile; fileRef = E8F3EDA02B39847300BBB851 /* WeatherIOSApp.swift */; };
		E8F3EDA32B39847300BBB851 /* ContentView.swift in Sources */ = {isa = PBXBuildFile; fileRef = E8F3EDA22B39847300BBB851 /* ContentView.swift */; };
		E8F3EDA52B39847400BBB851 /* Assets.xcassets in Resources */ = {isa = PBXBuildFile; fileRef = E8F3EDA42B39847400BBB851 /* Assets.xcassets */; };
		E8F3EDA82B39847400BBB851 /* Preview Assets.xcassets in Resources */ = {isa = PBXBuildFile; fileRef = E8F3EDA72B39847400BBB851 /* Preview Assets.xcassets */; };
		E8F3EDB62B3986D600BBB851 /* Extencions.swift in Sources */ = {isa = PBXBuildFile; fileRef = E8F3EDB52B3986D600BBB851 /* Extencions.swift */; };
		E8F3EDB82B39886100BBB851 /* HomeView.swift in Sources */ = {isa = PBXBuildFile; fileRef = E8F3EDB72B39886100BBB851 /* HomeView.swift */; };
		E8F3EDBA2B39927C00BBB851 /* TabBar.swift in Sources */ = {isa = PBXBuildFile; fileRef = E8F3EDB92B39927C00BBB851 /* TabBar.swift */; };
/* End PBXBuildFile section */

/* Begin PBXFileReference section */
		E8F3ED9D2B39847300BBB851 /* WeatherIOS.app */ = {isa = PBXFileReference; explicitFileType = wrapper.application; includeInIndex = 0; path = WeatherIOS.app; sourceTree = BUILT_PRODUCTS_DIR; };
		E8F3EDA02B39847300BBB851 /* WeatherIOSApp.swift */ = {isa = PBXFileReference; lastKnownFileType = sourcecode.swift; path = WeatherIOSApp.swift; sourceTree = "<group>"; };
		E8F3EDA22B39847300BBB851 /* ContentView.swift */ = {isa = PBXFileReference; lastKnownFileType = sourcecode.swift; path = ContentView.swift; sourceTree = "<group>"; };
		E8F3EDA42B39847400BBB851 /* Assets.xcassets */ = {isa = PBXFileReference; lastKnownFileType = folder.assetcatalog; path = Assets.xcassets; sourceTree = "<group>"; };
		E8F3EDA72B39847400BBB851 /* Preview Assets.xcassets */ = {isa = PBXFileReference; lastKnownFileType = folder.assetcatalog; path = "Preview Assets.xcassets"; sourceTree = "<group>"; };
		E8F3EDB52B3986D600BBB851 /* Extencions.swift */ = {isa = PBXFileReference; lastKnownFileType = sourcecode.swift; path = Extencions.swift; sourceTree = "<group>"; };
		E8F3EDB72B39886100BBB851 /* HomeView.swift */ = {isa = PBXFileReference; lastKnownFileType = sourcecode.swift; path = HomeView.swift; sourceTree = "<group>"; };
		E8F3EDB92B39927C00BBB851 /* TabBar.swift */ = {isa = PBXFileReference; lastKnownFileType = sourcecode.swift; path = TabBar.swift; sourceTree = "<group>"; };
/* End PBXFileReference section */

/* Begin PBXFrameworksBuildPhase section */
		E8F3ED9A2B39847300BBB851 /* Frameworks */ = {
			isa = PBXFrameworksBuildPhase;
			buildActionMask = 2147483647;
			files = (
			);
			runOnlyForDeploymentPostprocessing = 0;
		};
/* End PBXFrameworksBuildPhase section */

/* Begin PBXGroup section */
		E8F3ED942B39847300BBB851 = {
			isa = PBXGroup;
			children = (
				E8F3ED9F2B39847300BBB851 /* WeatherIOS */,
				E8F3ED9E2B39847300BBB851 /* Products */,
			);
			sourceTree = "<group>";
		};
		E8F3ED9E2B39847300BBB851 /* Products */ = {
			isa = PBXGroup;
			children = (
				E8F3ED9D2B39847300BBB851 /* WeatherIOS.app */,
			);
			name = Products;
			sourceTree = "<group>";
		};
		E8F3ED9F2B39847300BBB851 /* WeatherIOS */ = {
			isa = PBXGroup;
			children = (
				E8F3EDA02B39847300BBB851 /* WeatherIOSApp.swift */,
				E8F3EDAE2B39856D00BBB851 /* Views */,
				E8F3EDAF2B39857B00BBB851 /* Models */,
				E8F3EDB02B39858300BBB851 /* Utils */,
				E8F3EDA42B39847400BBB851 /* Assets.xcassets */,
				E8F3EDA62B39847400BBB851 /* Preview Content */,
			);
			path = WeatherIOS;
			sourceTree = "<group>";
		};
		E8F3EDA62B39847400BBB851 /* Preview Content */ = {
			isa = PBXGroup;
			children = (
				E8F3EDA72B39847400BBB851 /* Preview Assets.xcassets */,
			);
			path = "Preview Content";
			sourceTree = "<group>";
		};
		E8F3EDAE2B39856D00BBB851 /* Views */ = {
			isa = PBXGroup;
			children = (
				E8F3EDB42B3985D000BBB851 /* Components */,
				E8F3EDB32B3985C400BBB851 /* Detail */,
				E8F3EDB22B3985B600BBB851 /* Navigation */,
				E8F3EDB12B3985AC00BBB851 /* Main */,
			);
			path = Views;
			sourceTree = "<group>";
		};
		E8F3EDAF2B39857B00BBB851 /* Models */ = {
			isa = PBXGroup;
			children = (
			);
			path = Models;
			sourceTree = "<group>";
		};
		E8F3EDB02B39858300BBB851 /* Utils */ = {
			isa = PBXGroup;
			children = (
				E8F3EDB52B3986D600BBB851 /* Extencions.swift */,
			);
			path = Utils;
			sourceTree = "<group>";
		};
		E8F3EDB12B3985AC00BBB851 /* Main */ = {
			isa = PBXGroup;
			children = (
				E8F3EDA22B39847300BBB851 /* ContentView.swift */,
				E8F3EDB72B39886100BBB851 /* HomeView.swift */,
			);
			path = Main;
			sourceTree = "<group>";
		};
		E8F3EDB22B3985B600BBB851 /* Navigation */ = {
			isa = PBXGroup;
			children = (
				E8F3EDB92B39927C00BBB851 /* TabBar.swift */,
			);
			path = Navigation;
			sourceTree = "<group>";
		};
		E8F3EDB32B3985C400BBB851 /* Detail */ = {
			isa = PBXGroup;
			children = (
			);
			path = Detail;
			sourceTree = "<group>";
		};
		E8F3EDB42B3985D000BBB851 /* Components */ = {
			isa = PBXGroup;
			children = (
			);
			path = Components;
			sourceTree = "<group>";
		};
/* End PBXGroup section */

/* Begin PBXNativeTarget section */
		E8F3ED9C2B39847300BBB851 /* WeatherIOS */ = {
			isa = PBXNativeTarget;
			buildConfigurationList = E8F3EDAB2B39847400BBB851 /* Build configuration list for PBXNativeTarget "WeatherIOS" */;
			buildPhases = (
				E8F3ED992B39847300BBB851 /* Sources */,
				E8F3ED9A2B39847300BBB851 /* Frameworks */,
				E8F3ED9B2B39847300BBB851 /* Resources */,
			);
			buildRules = (
			);
			dependencies = (
			);
			name = WeatherIOS;
			productName = WeatherIOS;
			productReference = E8F3ED9D2B39847300BBB851 /* WeatherIOS.app */;
			productType = "com.apple.product-type.application";
		};
/* End PBXNativeTarget section */

/* Begin PBXProject section */
		E8F3ED952B39847300BBB851 /* Project object */ = {
			isa = PBXProject;
			attributes = {
				BuildIndependentTargetsInParallel = 1;
				LastSwiftUpdateCheck = 1500;
				LastUpgradeCheck = 1500;
				TargetAttributes = {
					E8F3ED9C2B39847300BBB851 = {
						CreatedOnToolsVersion = 15.0;
					};
				};
			};
			buildConfigurationList = E8F3ED982B39847300BBB851 /* Build configuration list for PBXProject "WeatherIOS" */;
			compatibilityVersion = "Xcode 14.0";
			developmentRegion = en;
			hasScannedForEncodings = 0;
			knownRegions = (
				en,
				Base,
			);
			mainGroup = E8F3ED942B39847300BBB851;
			productRefGroup = E8F3ED9E2B39847300BBB851 /* Products */;
			projectDirPath = "";
			projectRoot = "";
			targets = (
				E8F3ED9C2B39847300BBB851 /* WeatherIOS */,
			);
		};
/* End PBXProject section */

/* Begin PBXResourcesBuildPhase section */
		E8F3ED9B2B39847300BBB851 /* Resources */ = {
			isa = PBXResourcesBuildPhase;
			buildActionMask = 2147483647;
			files = (
				E8F3EDA82B39847400BBB851 /* Preview Assets.xcassets in Resources */,
				E8F3EDA52B39847400BBB851 /* Assets.xcassets in Resources */,
			);
			runOnlyForDeploymentPostprocessing = 0;
		};
/* End PBXResourcesBuildPhase section */

/* Begin PBXSourcesBuildPhase section */
		E8F3ED992B39847300BBB851 /* Sources */ = {
			isa = PBXSourcesBuildPhase;
			buildActionMask = 2147483647;
			files = (
				E8F3EDA32B39847300BBB851 /* ContentView.swift in Sources */,
				E8F3EDB82B39886100BBB851 /* HomeView.swift in Sources */,
				E8F3EDB62B3986D600BBB851 /* Extencions.swift in Sources */,
				E8F3EDA12B39847300BBB851 /* WeatherIOSApp.swift in Sources */,
				E8F3EDBA2B39927C00BBB851 /* TabBar.swift in Sources */,
			);
			runOnlyForDeploymentPostprocessing = 0;
		};
/* End PBXSourcesBuildPhase section */

/* Begin XCBuildConfiguration section */
		E8F3EDA92B39847400BBB851 /* Debug */ = {
			isa = XCBuildConfiguration;
			buildSettings = {
				ALWAYS_SEARCH_USER_PATHS = NO;
				ASSETCATALOG_COMPILER_GENERATE_SWIFT_ASSET_SYMBOL_EXTENSIONS = YES;
				CLANG_ANALYZER_NONNULL = YES;
				CLANG_ANALYZER_NUMBER_OBJECT_CONVERSION = YES_AGGRESSIVE;
				CLANG_CXX_LANGUAGE_STANDARD = "gnu++20";
				CLANG_ENABLE_MODULES = YES;
				CLANG_ENABLE_OBJC_ARC = YES;
				CLANG_ENABLE_OBJC_WEAK = YES;
				CLANG_WARN_BLOCK_CAPTURE_AUTORELEASING = YES;
				CLANG_WARN_BOOL_CONVERSION = YES;
				CLANG_WARN_COMMA = YES;
				CLANG_WARN_CONSTANT_CONVERSION = YES;
				CLANG_WARN_DEPRECATED_OBJC_IMPLEMENTATIONS = YES;
				CLANG_WARN_DIRECT_OBJC_ISA_USAGE = YES_ERROR;
				CLANG_WARN_DOCUMENTATION_COMMENTS = YES;
				CLANG_WARN_EMPTY_BODY = YES;
				CLANG_WARN_ENUM_CONVERSION = YES;
				CLANG_WARN_INFINITE_RECURSION = YES;
				CLANG_WARN_INT_CONVERSION = YES;
				CLANG_WARN_NON_LITERAL_NULL_CONVERSION = YES;
				CLANG_WARN_OBJC_IMPLICIT_RETAIN_SELF = YES;
				CLANG_WARN_OBJC_LITERAL_CONVERSION = YES;
				CLANG_WARN_OBJC_ROOT_CLASS = YES_ERROR;
				CLANG_WARN_QUOTED_INCLUDE_IN_FRAMEWORK_HEADER = YES;
				CLANG_WARN_RANGE_LOOP_ANALYSIS = YES;
				CLANG_WARN_STRICT_PROTOTYPES = YES;
				CLANG_WARN_SUSPICIOUS_MOVE = YES;
				CLANG_WARN_UNGUARDED_AVAILABILITY = YES_AGGRESSIVE;
				CLANG_WARN_UNREACHABLE_CODE = YES;
				CLANG_WARN__DUPLICATE_METHOD_MATCH = YES;
				COPY_PHASE_STRIP = NO;
				DEBUG_INFORMATION_FORMAT = dwarf;
				ENABLE_STRICT_OBJC_MSGSEND = YES;
				ENABLE_TESTABILITY = YES;
				ENABLE_USER_SCRIPT_SANDBOXING = YES;
				GCC_C_LANGUAGE_STANDARD = gnu17;
				GCC_DYNAMIC_NO_PIC = NO;
				GCC_NO_COMMON_BLOCKS = YES;
				GCC_OPTIMIZATION_LEVEL = 0;
				GCC_PREPROCESSOR_DEFINITIONS = (
					"DEBUG=1",
					"$(inherited)",
				);
				GCC_WARN_64_TO_32_BIT_CONVERSION = YES;
				GCC_WARN_ABOUT_RETURN_TYPE = YES_ERROR;
				GCC_WARN_UNDECLARED_SELECTOR = YES;
				GCC_WARN_UNINITIALIZED_AUTOS = YES_AGGRESSIVE;
				GCC_WARN_UNUSED_FUNCTION = YES;
				GCC_WARN_UNUSED_VARIABLE = YES;
				IPHONEOS_DEPLOYMENT_TARGET = 17.0;
				LOCALIZATION_PREFERS_STRING_CATALOGS = YES;
				MTL_ENABLE_DEBUG_INFO = INCLUDE_SOURCE;
				MTL_FAST_MATH = YES;
				ONLY_ACTIVE_ARCH = YES;
				SDKROOT = iphoneos;
				SWIFT_ACTIVE_COMPILATION_CONDITIONS = "DEBUG $(inherited)";
				SWIFT_OPTIMIZATION_LEVEL = "-Onone";
			};
			name = Debug;
		};
		E8F3EDAA2B39847400BBB851 /* Release */ = {
			isa = XCBuildConfiguration;
			buildSettings = {
				ALWAYS_SEARCH_USER_PATHS = NO;
				ASSETCATALOG_COMPILER_GENERATE_SWIFT_ASSET_SYMBOL_EXTENSIONS = YES;
				CLANG_ANALYZER_NONNULL = YES;
				CLANG_ANALYZER_NUMBER_OBJECT_CONVERSION = YES_AGGRESSIVE;
				CLANG_CXX_LANGUAGE_STANDARD = "gnu++20";
				CLANG_ENABLE_MODULES = YES;
				CLANG_ENABLE_OBJC_ARC = YES;
				CLANG_ENABLE_OBJC_WEAK = YES;
				CLANG_WARN_BLOCK_CAPTURE_AUTORELEASING = YES;
				CLANG_WARN_BOOL_CONVERSION = YES;
				CLANG_WARN_COMMA = YES;
				CLANG_WARN_CONSTANT_CONVERSION = YES;
				CLANG_WARN_DEPRECATED_OBJC_IMPLEMENTATIONS = YES;
				CLANG_WARN_DIRECT_OBJC_ISA_USAGE = YES_ERROR;
				CLANG_WARN_DOCUMENTATION_COMMENTS = YES;
				CLANG_WARN_EMPTY_BODY = YES;
				CLANG_WARN_ENUM_CONVERSION = YES;
				CLANG_WARN_INFINITE_RECURSION = YES;
				CLANG_WARN_INT_CONVERSION = YES;
				CLANG_WARN_NON_LITERAL_NULL_CONVERSION = YES;
				CLANG_WARN_OBJC_IMPLICIT_RETAIN_SELF = YES;
				CLANG_WARN_OBJC_LITERAL_CONVERSION = YES;
				CLANG_WARN_OBJC_ROOT_CLASS = YES_ERROR;
				CLANG_WARN_QUOTED_INCLUDE_IN_FRAMEWORK_HEADER = YES;
				CLANG_WARN_RANGE_LOOP_ANALYSIS = YES;
				CLANG_WARN_STRICT_PROTOTYPES = YES;
				CLANG_WARN_SUSPICIOUS_MOVE = YES;
				CLANG_WARN_UNGUARDED_AVAILABILITY = YES_AGGRESSIVE;
				CLANG_WARN_UNREACHABLE_CODE = YES;
				CLANG_WARN__DUPLICATE_METHOD_MATCH = YES;
				COPY_PHASE_STRIP = NO;
				DEBUG_INFORMATION_FORMAT = "dwarf-with-dsym";
				ENABLE_NS_ASSERTIONS = NO;
				ENABLE_STRICT_OBJC_MSGSEND = YES;
				ENABLE_USER_SCRIPT_SANDBOXING = YES;
				GCC_C_LANGUAGE_STANDARD = gnu17;
				GCC_NO_COMMON_BLOCKS = YES;
				GCC_WARN_64_TO_32_BIT_CONVERSION = YES;
				GCC_WARN_ABOUT_RETURN_TYPE = YES_ERROR;
				GCC_WARN_UNDECLARED_SELECTOR = YES;
				GCC_WARN_UNINITIALIZED_AUTOS = YES_AGGRESSIVE;
				GCC_WARN_UNUSED_FUNCTION = YES;
				GCC_WARN_UNUSED_VARIABLE = YES;
				IPHONEOS_DEPLOYMENT_TARGET = 17.0;
				LOCALIZATION_PREFERS_STRING_CATALOGS = YES;
				MTL_ENABLE_DEBUG_INFO = NO;
				MTL_FAST_MATH = YES;
				SDKROOT = iphoneos;
				SWIFT_COMPILATION_MODE = wholemodule;
				VALIDATE_PRODUCT = YES;
			};
			name = Release;
		};
		E8F3EDAC2B39847400BBB851 /* Debug */ = {
			isa = XCBuildConfiguration;
			buildSettings = {
				ASSETCATALOG_COMPILER_APPICON_NAME = AppIcon;
				ASSETCATALOG_COMPILER_GLOBAL_ACCENT_COLOR_NAME = AccentColor;
				CODE_SIGN_STYLE = Automatic;
				CURRENT_PROJECT_VERSION = 1;
				DEVELOPMENT_ASSET_PATHS = "\"WeatherIOS/Preview Content\"";
				DEVELOPMENT_TEAM = 36N72Y7M5U;
				ENABLE_PREVIEWS = YES;
				GENERATE_INFOPLIST_FILE = YES;
				INFOPLIST_KEY_UIApplicationSceneManifest_Generation = YES;
				INFOPLIST_KEY_UIApplicationSupportsIndirectInputEvents = YES;
				INFOPLIST_KEY_UILaunchScreen_Generation = YES;
				INFOPLIST_KEY_UISupportedInterfaceOrientations_iPad = "UIInterfaceOrientationPortrait UIInterfaceOrientationPortraitUpsideDown UIInterfaceOrientationLandscapeLeft UIInterfaceOrientationLandscapeRight";
				INFOPLIST_KEY_UISupportedInterfaceOrientations_iPhone = "UIInterfaceOrientationPortrait UIInterfaceOrientationLandscapeLeft UIInterfaceOrientationLandscapeRight";
				IPHONEOS_DEPLOYMENT_TARGET = 16.6;
				LD_RUNPATH_SEARCH_PATHS = (
					"$(inherited)",
					"@executable_path/Frameworks",
				);
				MARKETING_VERSION = 1.0;
				PRODUCT_BUNDLE_IDENTIFIER = testplay.WeatherIOS;
				PRODUCT_NAME = "$(TARGET_NAME)";
				SWIFT_EMIT_LOC_STRINGS = YES;
				SWIFT_VERSION = 5.0;
				TARGETED_DEVICE_FAMILY = "1,2";
			};
			name = Debug;
		};
		E8F3EDAD2B39847400BBB851 /* Release */ = {
			isa = XCBuildConfiguration;
			buildSettings = {
				ASSETCATALOG_COMPILER_APPICON_NAME = AppIcon;
				ASSETCATALOG_COMPILER_GLOBAL_ACCENT_COLOR_NAME = AccentColor;
				CODE_SIGN_STYLE = Automatic;
				CURRENT_PROJECT_VERSION = 1;
				DEVELOPMENT_ASSET_PATHS = "\"WeatherIOS/Preview Content\"";
				DEVELOPMENT_TEAM = 36N72Y7M5U;
				ENABLE_PREVIEWS = YES;
				GENERATE_INFOPLIST_FILE = YES;
				INFOPLIST_KEY_UIApplicationSceneManifest_Generation = YES;
				INFOPLIST_KEY_UIApplicationSupportsIndirectInputEvents = YES;
				INFOPLIST_KEY_UILaunchScreen_Generation = YES;
				INFOPLIST_KEY_UISupportedInterfaceOrientations_iPad = "UIInterfaceOrientationPortrait UIInterfaceOrientationPortraitUpsideDown UIInterfaceOrientationLandscapeLeft UIInterfaceOrientationLandscapeRight";
				INFOPLIST_KEY_UISupportedInterfaceOrientations_iPhone = "UIInterfaceOrientationPortrait UIInterfaceOrientationLandscapeLeft UIInterfaceOrientationLandscapeRight";
				IPHONEOS_DEPLOYMENT_TARGET = 16.6;
				LD_RUNPATH_SEARCH_PATHS = (
					"$(inherited)",
					"@executable_path/Frameworks",
				);
				MARKETING_VERSION = 1.0;
				PRODUCT_BUNDLE_IDENTIFIER = testplay.WeatherIOS;
				PRODUCT_NAME = "$(TARGET_NAME)";
				SWIFT_EMIT_LOC_STRINGS = YES;
				SWIFT_VERSION = 5.0;
				TARGETED_DEVICE_FAMILY = "1,2";
			};
			name = Release;
		};
/* End XCBuildConfiguration section */

/* Begin XCConfigurationList section */
		E8F3ED982B39847300BBB851 /* Build configuration list for PBXProject "WeatherIOS" */ = {
			isa = XCConfigurationList;
			buildConfigurations = (
				E8F3EDA92B39847400BBB851 /* Debug */,
				E8F3EDAA2B39847400BBB851 /* Release */,
			);
			defaultConfigurationIsVisible = 0;
			defaultConfigurationName = Release;
		};
		E8F3EDAB2B39847400BBB851 /* Build configuration list for PBXNativeTarget "WeatherIOS" */ = {
			isa = XCConfigurationList;
			buildConfigurations = (
				E8F3EDAC2B39847400BBB851 /* Debug */,
				E8F3EDAD2B39847400BBB851 /* Release */,
			);
			defaultConfigurationIsVisible = 0;
			defaultConfigurationName = Release;
		};
/* End XCConfigurationList section */
	};
	rootObject = E8F3ED952B39847300BBB851 /* Project object */;
}
